{
  "name": "miniprogram",
  "version": "1.0.0",
  "lockfileVersion": 1,
  "requires": true,
  "dependencies": {
    "@miniprogram-component-plus/vtabs": {
      "version": "1.0.0",
      "resolved": "https://registry.npmjs.org/@miniprogram-component-plus/vtabs/-/vtabs-1.0.0.tgz",
      "integrity": "sha512-xDGrJwRbcpxd92rpQ0bbesBd2TKR6RGX1kJjuC6jlN4nRr28MTBhSPQEWfof2COms0xrLTa4WzU1QL+C2KH59w=="
    },
    "@miniprogram-component-plus/vtabs-content": {
      "version": "1.0.0",
      "resolved": "https://registry.npmjs.org/@miniprogram-component-plus/vtabs-content/-/vtabs-content-1.0.0.tgz",
      "integrity": "sha512-/DGQjL1W1X7IMfOlB1ILfMZqyvhHHlrUsQ2liuVMZCwn46z5fTTQHcFWZKYZONaxKjTO3AecjRypKF0/k2s9aQ=="
    },
    "@vant/weapp": {
      "version": "1.4.0",
      "resolved": "https://registry.npm.taobao.org/@vant/weapp/download/@vant/weapp-1.4.0.tgz",
      "integrity": "sha1-uOXbnapFGmhRkJbOcKiIa5kxO/Y="
    },
    "fast-deep-equal": {
      "version": "2.0.1",
      "resolved": "https://registry.npm.taobao.org/fast-deep-equal/download/fast-deep-equal-2.0.1.tgz?cache=0&sync_timestamp=1591599604977&other_urls=https%3A%2F%2Fregistry.npm.taobao.org%2Ffast-deep-equal%2Fdownload%2Ffast-deep-equal-2.0.1.tgz",
      "integrity": "sha1-ewUhjd+WZ79/Nwv3/bLLFf3Qqkk="
    },
    "miniprogram-api-promise": {
      "version": "1.0.4",
      "resolved": "https://registry.npmjs.org/miniprogram-api-promise/-/miniprogram-api-promise-1.0.4.tgz",
      "integrity": "sha512-lS2ukj03Ugy8IJUDmdssklLT4kjzyRtVYwErhyDZkzxtqcxaed2xldRgNrsikigeMUBR9gAs7wgnjSKPlyKIYg=="
    },
    "miniprogram-computed": {
      "version": "2.1.1",
      "resolved": "https://registry.npm.taobao.org/miniprogram-computed/download/miniprogram-computed-2.1.1.tgz",
      "integrity": "sha1-w5PpZ6j25e4mpCBfaa4+uaI7ewc=",
      "requires": {
        "fast-deep-equal": "^2.0.1",
        "rfdc": "^1.1.4"
      }
    },
    "rfdc": {
      "version": "1.1.4",
      "resolved": "https://registry.npm.taobao.org/rfdc/download/rfdc-1.1.4.tgz",
      "integrity": "sha1-unLME2egzNnPgahws7WL060H+MI="
    }
  }
}
